
Microsoft Visual Studio Solution File, Format Version 12.00
# Visual Studio Version 17
VisualStudioVersion = 17.12.35707.178
MinimumVisualStudioVersion = 10.0.40219.1
Project("{2150E333-8FDC-42A3-9474-1A3956D46DE8}") = "src", "src", "{B1FBFEA9-5E3B-470C-B087-B21D3343A149}"
EndProject
Project("{2150E333-8FDC-42A3-9474-1A3956D46DE8}") = "test", "test", "{2CFCC691-D114-4E2B-B68A-DCF35FE156F7}"
EndProject
Project("{FAE04EC0-301F-11D3-BF4B-00C04F79EFBC}") = "Bookify.Domain", "Bookify.Domain\Bookify.Domain.csproj", "{6962693C-2CD2-4996-9C99-90F4B4FEC7A9}"
EndProject
Project("{FAE04EC0-301F-11D3-BF4B-00C04F79EFBC}") = "Bookify.Application", "Bookify.Application\Bookify.Application.csproj", "{0A9FC947-01B8-4D3C-B59F-4E75283CC7F1}"
EndProject
Project("{FAE04EC0-301F-11D3-BF4B-00C04F79EFBC}") = "Bookify.Infrastructure", "Bookify.Infrastructure\Bookify.Infrastructure.csproj", "{41B3D5C4-E6F3-48F9-A5AB-4ADB746C6DA6}"
EndProject
Global
	GlobalSection(SolutionConfigurationPlatforms) = preSolution
		Debug|Any CPU = Debug|Any CPU
		Release|Any CPU = Release|Any CPU
	EndGlobalSection
	GlobalSection(ProjectConfigurationPlatforms) = postSolution
		{6962693C-2CD2-4996-9C99-90F4B4FEC7A9}.Debug|Any CPU.ActiveCfg = Debug|Any CPU
		{6962693C-2CD2-4996-9C99-90F4B4FEC7A9}.Debug|Any CPU.Build.0 = Debug|Any CPU
		{6962693C-2CD2-4996-9C99-90F4B4FEC7A9}.Release|Any CPU.ActiveCfg = Release|Any CPU
		{6962693C-2CD2-4996-9C99-90F4B4FEC7A9}.Release|Any CPU.Build.0 = Release|Any CPU
		{0A9FC947-01B8-4D3C-B59F-4E75283CC7F1}.Debug|Any CPU.ActiveCfg = Debug|Any CPU
		{0A9FC947-01B8-4D3C-B59F-4E75283CC7F1}.Debug|Any CPU.Build.0 = Debug|Any CPU
		{0A9FC947-01B8-4D3C-B59F-4E75283CC7F1}.Release|Any CPU.ActiveCfg = Release|Any CPU
		{0A9FC947-01B8-4D3C-B59F-4E75283CC7F1}.Release|Any CPU.Build.0 = Release|Any CPU
		{41B3D5C4-E6F3-48F9-A5AB-4ADB746C6DA6}.Debug|Any CPU.ActiveCfg = Debug|Any CPU
		{41B3D5C4-E6F3-48F9-A5AB-4ADB746C6DA6}.Debug|Any CPU.Build.0 = Debug|Any CPU
		{41B3D5C4-E6F3-48F9-A5AB-4ADB746C6DA6}.Release|Any CPU.ActiveCfg = Release|Any CPU
		{41B3D5C4-E6F3-48F9-A5AB-4ADB746C6DA6}.Release|Any CPU.Build.0 = Release|Any CPU
	EndGlobalSection
	GlobalSection(SolutionProperties) = preSolution
		HideSolutionNode = FALSE
	EndGlobalSection
	GlobalSection(NestedProjects) = preSolution
		{6962693C-2CD2-4996-9C99-90F4B4FEC7A9} = {B1FBFEA9-5E3B-470C-B087-B21D3343A149}
		{0A9FC947-01B8-4D3C-B59F-4E75283CC7F1} = {B1FBFEA9-5E3B-470C-B087-B21D3343A149}
		{41B3D5C4-E6F3-48F9-A5AB-4ADB746C6DA6} = {B1FBFEA9-5E3B-470C-B087-B21D3343A149}
	EndGlobalSection
EndGlobal
